
Microsoft Visual Studio Solution File, Format Version 12.00
# Visual Studio 15
VisualStudioVersion = 15.0.28307.2092
MinimumVisualStudioVersion = 10.0.40219.1
Project("{FAE04EC0-301F-11D3-BF4B-00C04F79EFBC}") = "PDF", "PDF\PDF.csproj", "{5181F2CC-C31C-4AAC-9C32-1393D7626CFA}"
EndProject
Global
	GlobalSection(SolutionConfigurationPlatforms) = preSolution
		Debug|Any CPU = Debug|Any CPU
		Release|Any CPU = Release|Any CPU
	EndGlobalSection
	GlobalSection(ProjectConfigurationPlatforms) = postSolution
		{5181F2CC-C31C-4AAC-9C32-1393D7626CFA}.Debug|Any CPU.ActiveCfg = Debug|Any CPU
		{5181F2CC-C31C-4AAC-9C32-1393D7626CFA}.Debug|Any CPU.Build.0 = Debug|Any CPU
		{5181F2CC-C31C-4AAC-9C32-1393D7626CFA}.Release|Any CPU.ActiveCfg = Release|Any CPU
		{5181F2CC-C31C-4AAC-9C32-1393D7626CFA}.Release|Any CPU.Build.0 = Release|Any CPU
	EndGlobalSection
	GlobalSection(SolutionProperties) = preSolution
		HideSolutionNode = FALSE
	EndGlobalSection
	GlobalSection(ExtensibilityGlobals) = postSolution
		SolutionGuid = {899AB800-DEB6-4A52-824D-1D6069FFD42B}
	EndGlobalSection
EndGlobal
